
Microsoft Visual Studio Solution File, Format Version 12.00
# Visual Studio Version 17
VisualStudioVersion = 17.11.35431.28
MinimumVisualStudioVersion = 10.0.40219.1
Project("{9A19103F-16F7-4668-BE54-9A1E7A4F7556}") = "Core.Persistence", "Core.Persistence\Core.Persistence.csproj", "{986EEE93-08D7-4CD1-B972-7014E9642E6B}"
EndProject
Project("{FAE04EC0-301F-11D3-BF4B-00C04F79EFBC}") = "Core.Application", "Core.Application\Core.Application.csproj", "{F129DF28-D6D4-45A8-BDF6-975FA6010C01}"
EndProject
Global
	GlobalSection(SolutionConfigurationPlatforms) = preSolution
		Debug|Any CPU = Debug|Any CPU
		Release|Any CPU = Release|Any CPU
	EndGlobalSection
	GlobalSection(ProjectConfigurationPlatforms) = postSolution
		{986EEE93-08D7-4CD1-B972-7014E9642E6B}.Debug|Any CPU.ActiveCfg = Debug|Any CPU
		{986EEE93-08D7-4CD1-B972-7014E9642E6B}.Debug|Any CPU.Build.0 = Debug|Any CPU
		{986EEE93-08D7-4CD1-B972-7014E9642E6B}.Release|Any CPU.ActiveCfg = Release|Any CPU
		{986EEE93-08D7-4CD1-B972-7014E9642E6B}.Release|Any CPU.Build.0 = Release|Any CPU
		{F129DF28-D6D4-45A8-BDF6-975FA6010C01}.Debug|Any CPU.ActiveCfg = Debug|Any CPU
		{F129DF28-D6D4-45A8-BDF6-975FA6010C01}.Debug|Any CPU.Build.0 = Debug|Any CPU
		{F129DF28-D6D4-45A8-BDF6-975FA6010C01}.Release|Any CPU.ActiveCfg = Release|Any CPU
		{F129DF28-D6D4-45A8-BDF6-975FA6010C01}.Release|Any CPU.Build.0 = Release|Any CPU
	EndGlobalSection
	GlobalSection(SolutionProperties) = preSolution
		HideSolutionNode = FALSE
	EndGlobalSection
	GlobalSection(ExtensibilityGlobals) = postSolution
		SolutionGuid = {A77AB585-5159-4418-B291-1D713B3DCE58}
	EndGlobalSection
EndGlobal
